{
  "version": "5",
  "specifiers": {
    "npm:@ast-grep/napi@*": "0.39.5",
    "npm:@ast-grep/napi@~0.39.4": "0.39.5",
    "npm:@types/node@*": "22.15.15",
    "npm:neovim@*": "5.4.0",
    "npm:neovim@^5.4.0": "5.4.0"
  },
  "npm": {
    "@ast-grep/napi-darwin-arm64@0.39.5": {
      "integrity": "sha512-UqIUjowAcXTJ00R5+bIi+2nQStzbpBeFEsXe0G1hXZVsWytaa69W4/Ewnr84IdeIo7IcpbFY/Y35PdYIDR36eQ==",
      "os": ["darwin"],
      "cpu": ["arm64"]
    },
    "@ast-grep/napi-darwin-x64@0.39.5": {
      "integrity": "sha512-TZLIFoGbVUD9iCQmYTv2isLUBVRPu9kd+q1ifkdQ4iaSlit5UEqvvgluU0NHhWeAg1pW5EuN2COlSbvlcr/RKQ==",
      "os": ["darwin"],
      "cpu": ["x64"]
    },
    "@ast-grep/napi-linux-arm64-gnu@0.39.5": {
      "integrity": "sha512-QPoVTfRzIyQRI7lNRMsuOTr8OfFLw8iLQSOHwAqa64Cb5AnjJIfLZEBIJhWj+z62ZWcFiX9sn2c8HlCp+58lAg==",
      "os": ["linux"],
      "cpu": ["arm64"]
    },
    "@ast-grep/napi-linux-arm64-musl@0.39.5": {
      "integrity": "sha512-pk756OgZxienyktNJqiYHVF11zWR/zmOQRiFEzN70W+rWI6wQFRvdi4JPaezKScR524AKuSAeWXR7PUglBnoaA==",
      "os": ["linux"],
      "cpu": ["arm64"]
    },
    "@ast-grep/napi-linux-x64-gnu@0.39.5": {
      "integrity": "sha512-UcQSD5A10isLk1TqvFzp4MfPZhAUc0Ehraf3ytsgaIjs9GUxjEc4uI6aKVesXd0Y1DDE/SjakgNfcAcizokjPw==",
      "os": ["linux"],
      "cpu": ["x64"]
    },
    "@ast-grep/napi-linux-x64-musl@0.39.5": {
      "integrity": "sha512-aJyiF57bA8Pa6H5hPNq5qz/hh6Q/NQ3f0cAe0oE09KW09lLGK3CWWInENq8QiK+nhO1aAaFvxGhUKUDwroA9ow==",
      "os": ["linux"],
      "cpu": ["x64"]
    },
    "@ast-grep/napi-win32-arm64-msvc@0.39.5": {
      "integrity": "sha512-FfluwNw+oItFVMr7o26lnK9euFU6084JSBLFsbIhTdfZO2xiTRrxPXFm5A3jvr0grv669GBLJKfp9DNxcsoYsg==",
      "os": ["win32"],
      "cpu": ["arm64"]
    },
    "@ast-grep/napi-win32-ia32-msvc@0.39.5": {
      "integrity": "sha512-pmx8Zfdv8qEgoepDB+XqV+nThnBioxvsDQT+q310RmeP4cRuSEHI13U3eb5Bgy/E0tGFzTSnQSKifZHuonp7YA==",
      "os": ["win32"],
      "cpu": ["ia32"]
    },
    "@ast-grep/napi-win32-x64-msvc@0.39.5": {
      "integrity": "sha512-bffrn4aF7Tu7hN6qPfZ6PCcbfwRokamUst32ZyJIxBJRAuVua1+CDBXeBug6UHj96tSt0Oh6h2cvh+1mEqL1jg==",
      "os": ["win32"],
      "cpu": ["x64"]
    },
    "@ast-grep/napi@0.39.5": {
      "integrity": "sha512-/qEPYdY0+Mg4fdS06CY4Jptzbd6NDvdkKRBL1vTnpY8BO4t6j1q9sbNobgm74pr2xPv13Z4Lq2hVNzAYJNy9dw==",
      "optionalDependencies": [
        "@ast-grep/napi-darwin-arm64",
        "@ast-grep/napi-darwin-x64",
        "@ast-grep/napi-linux-arm64-gnu",
        "@ast-grep/napi-linux-arm64-musl",
        "@ast-grep/napi-linux-x64-gnu",
        "@ast-grep/napi-linux-x64-musl",
        "@ast-grep/napi-win32-arm64-msvc",
        "@ast-grep/napi-win32-ia32-msvc",
        "@ast-grep/napi-win32-x64-msvc"
      ]
    },
    "@colors/colors@1.6.0": {
      "integrity": "sha512-Ir+AOibqzrIsL6ajt3Rz3LskB7OiMVHqltZmspbW/TJuTVuyOMirVqAkjfY6JISiLHgyNqicAC8AyHHGzNd/dA=="
    },
    "@dabh/diagnostics@2.0.3": {
      "integrity": "sha512-hrlQOIi7hAfzsMqlGSFyVucrx38O+j6wiGOf//H2ecvIEqYN4ADBSS2iLMh5UFyDunCNniUIPk/q3riFv45xRA==",
      "dependencies": [
        "colorspace",
        "enabled",
        "kuler"
      ]
    },
    "@msgpack/msgpack@2.8.0": {
      "integrity": "sha512-h9u4u/jiIRKbq25PM+zymTyW6bhTzELvOoUd+AvYriWOAKpLGnIamaET3pnHYoI5iYphAHBI4ayx0MehR+VVPQ=="
    },
    "@types/node@22.15.15": {
      "integrity": "sha512-R5muMcZob3/Jjchn5LcO8jdKwSCbzqmPB6ruBxMcf9kbxtniZHP327s6C37iOfuw8mbKK3cAQa7sEl7afLrQ8A==",
      "dependencies": [
        "undici-types"
      ]
    },
    "@types/triple-beam@1.3.5": {
      "integrity": "sha512-6WaYesThRMCl19iryMYP7/x2OVgCtbIVflDGFpWnb9irXI3UjYE4AzmYuiUKY1AJstGijoY+MgUszMgRxIYTYw=="
    },
    "async@3.2.6": {
      "integrity": "sha512-htCUDlxyyCLMgaM3xXg0C0LW2xqfuQ6p05pCEIsXuyQ+a1koYKTuBMzRNwmybfLgvJDMd0r1LTn4+E0Ti6C2AA=="
    },
    "color-convert@1.9.3": {
      "integrity": "sha512-QfAUtd+vFdAtFQcC8CCyYt1fYWxSqAiK2cSD6zDB8N3cpsEBAvRxp9zOGg6G/SHHJYAT88/az/IuDGALsNVbGg==",
      "dependencies": [
        "color-name"
      ]
    },
    "color-name@1.1.3": {
      "integrity": "sha512-72fSenhMw2HZMTVHeCA9KCmpEIbzWiQsjN+BHcBbS9vr1mtt+vJjPdksIBNUmKAW8TFUDPJK5SUU3QhE9NEXDw=="
    },
    "color-string@1.9.1": {
      "integrity": "sha512-shrVawQFojnZv6xM40anx4CkoDP+fZsw/ZerEMsW/pyzsRbElpsL/DBVW7q3ExxwusdNXI3lXpuhEZkzs8p5Eg==",
      "dependencies": [
        "color-name",
        "simple-swizzle"
      ]
    },
    "color@3.2.1": {
      "integrity": "sha512-aBl7dZI9ENN6fUGC7mWpMTPNHmWUSNan9tuWN6ahh5ZLNk9baLJOnSMlrQkHcrfFgz2/RigjUVAjdx36VcemKA==",
      "dependencies": [
        "color-convert",
        "color-string"
      ]
    },
    "colorspace@1.1.4": {
      "integrity": "sha512-BgvKJiuVu1igBUF2kEjRCZXol6wiiGbY5ipL/oVPwm0BL9sIpMIzM8IK7vwuxIIzOXMV3Ey5w+vxhm0rR/TN8w==",
      "dependencies": [
        "color",
        "text-hex"
      ]
    },
    "enabled@2.0.0": {
      "integrity": "sha512-AKrN98kuwOzMIdAizXGI86UFBoo26CL21UM763y1h/GMSJ4/OHU9k2YlsmBpyScFo/wbLzWQJBMCW4+IO3/+OQ=="
    },
    "fecha@4.2.3": {
      "integrity": "sha512-OP2IUU6HeYKJi3i0z4A19kHMQoLVs4Hc+DPqqxI2h/DPZHTm/vjsfC6P0b4jCMy14XizLBqvndQ+UilD7707Jw=="
    },
    "fn.name@1.1.0": {
      "integrity": "sha512-GRnmB5gPyJpAhTQdSZTSp9uaPSvl09KoYcMQtsB9rQoOmzs9dH6ffeccH+Z+cv6P68Hu5bC6JjRh4Ah/mHSNRw=="
    },
    "inherits@2.0.4": {
      "integrity": "sha512-k/vGaX4/Yla3WzyMCvTQOXYeIHvqOKtnqBduzTHpzpQZzAskKMhZ2K+EnBiSM9zGSoIFeMpXKxa4dYeZIQqewQ=="
    },
    "is-arrayish@0.3.4": {
      "integrity": "sha512-m6UrgzFVUYawGBh1dUsWR5M2Clqic9RVXC/9f8ceNlv2IcO9j9J/z8UoCLPqtsPBFNzEpfR3xftohbfqDx8EQA=="
    },
    "is-stream@2.0.1": {
      "integrity": "sha512-hFoiJiTl63nn+kstHGBtewWSKnQLpyb155KHheA1l39uvtO9nWIop1p3udqPcUd/xbF1VLMO4n7OI6p7RbngDg=="
    },
    "kuler@2.0.0": {
      "integrity": "sha512-Xq9nH7KlWZmXAtodXDDRE7vs6DU1gTU8zYDHDiWLSip45Egwq3plLHzPn27NgvzL2r1LMPC1vdqh98sQxtqj4A=="
    },
    "logform@2.7.0": {
      "integrity": "sha512-TFYA4jnP7PVbmlBIfhlSe+WKxs9dklXMTEGcBCIvLhE/Tn3H6Gk1norupVW7m5Cnd4bLcr08AytbyV/xj7f/kQ==",
      "dependencies": [
        "@colors/colors",
        "@types/triple-beam",
        "fecha",
        "ms",
        "safe-stable-stringify",
        "triple-beam"
      ]
    },
    "ms@2.1.3": {
      "integrity": "sha512-6FlzubTLZG3J2a/NVCAleEhjzq5oxgHyaCU9yYXvcLsvoVaHJq/s5xXI6/XXP6tz7R9xAOtHnSO/tXtF3WRTlA=="
    },
    "neovim@5.4.0": {
      "integrity": "sha512-95YXs6d5p8M0k8xrmJHQ9aVLv9ebpM3ZQnmTaSpbJtPSdxFaKq7szCP1Ou+S8K++rEsh7BvTPwqdtdlwQfT0pw==",
      "dependencies": [
        "@msgpack/msgpack",
        "winston"
      ],
      "bin": true
    },
    "one-time@1.0.0": {
      "integrity": "sha512-5DXOiRKwuSEcQ/l0kGCF6Q3jcADFv5tSmRaJck/OqkVFcOzutB134KRSfF0xDrL39MNnqxbHBbUUcjZIhTgb2g==",
      "dependencies": [
        "fn.name"
      ]
    },
    "readable-stream@3.6.2": {
      "integrity": "sha512-9u/sniCrY3D5WdsERHzHE4G2YCXqoG5FTHUiCC4SIbr6XcLZBY05ya9EKjYek9O5xOAwjGq+1JdGBAS7Q9ScoA==",
      "dependencies": [
        "inherits",
        "string_decoder",
        "util-deprecate"
      ]
    },
    "safe-buffer@5.2.1": {
      "integrity": "sha512-rp3So07KcdmmKbGvgaNxQSJr7bGVSVk5S9Eq1F+ppbRo70+YeaDxkw5Dd8NPN+GD6bjnYm2VuPuCXmpuYvmCXQ=="
    },
    "safe-stable-stringify@2.5.0": {
      "integrity": "sha512-b3rppTKm9T+PsVCBEOUR46GWI7fdOs00VKZ1+9c1EWDaDMvjQc6tUwuFyIprgGgTcWoVHSKrU8H31ZHA2e0RHA=="
    },
    "simple-swizzle@0.2.4": {
      "integrity": "sha512-nAu1WFPQSMNr2Zn9PGSZK9AGn4t/y97lEm+MXTtUDwfP0ksAIX4nO+6ruD9Jwut4C49SB1Ws+fbXsm/yScWOHw==",
      "dependencies": [
        "is-arrayish"
      ]
    },
    "stack-trace@0.0.10": {
      "integrity": "sha512-KGzahc7puUKkzyMt+IqAep+TVNbKP+k2Lmwhub39m1AsTSkaDutx56aDCo+HLDzf/D26BIHTJWNiTG1KAJiQCg=="
    },
    "string_decoder@1.3.0": {
      "integrity": "sha512-hkRX8U1WjJFd8LsDJ2yQ/wWWxaopEsABU1XfkM8A+j0+85JAGppt16cr1Whg6KIbb4okU6Mql6BOj+uup/wKeA==",
      "dependencies": [
        "safe-buffer"
      ]
    },
    "text-hex@1.0.0": {
      "integrity": "sha512-uuVGNWzgJ4yhRaNSiubPY7OjISw4sw4E5Uv0wbjp+OzcbmVU/rsT8ujgcXJhn9ypzsgr5vlzpPqP+MBBKcGvbg=="
    },
    "triple-beam@1.4.1": {
      "integrity": "sha512-aZbgViZrg1QNcG+LULa7nhZpJTZSLm/mXnHXnbAbjmN5aSa0y7V+wvv6+4WaBtpISJzThKy+PIPxc1Nq1EJ9mg=="
    },
    "undici-types@6.21.0": {
      "integrity": "sha512-iwDZqg0QAGrg9Rav5H4n0M64c3mkR59cJ6wQp+7C4nI0gsmExaedaYLNO44eT4AtBBwjbTiGPMlt2Md0T9H9JQ=="
    },
    "util-deprecate@1.0.2": {
      "integrity": "sha512-EPD5q1uXyFxJpCrLnCc1nHnq3gOa6DZBocAIiI2TaSCA7VCJ1UJDMagCzIkXNsUYfD1daK//LTEQ8xiIbrHtcw=="
    },
    "winston-transport@4.9.0": {
      "integrity": "sha512-8drMJ4rkgaPo1Me4zD/3WLfI/zPdA9o2IipKODunnGDcuqbHwjsbB79ylv04LCGGzU0xQ6vTznOMpQGaLhhm6A==",
      "dependencies": [
        "logform",
        "readable-stream",
        "triple-beam"
      ]
    },
    "winston@3.15.0": {
      "integrity": "sha512-RhruH2Cj0bV0WgNL+lOfoUBI4DVfdUNjVnJGVovWZmrcKtrFTTRzgXYK2O9cymSGjrERCtaAeHwMNnUWXlwZow==",
      "dependencies": [
        "@colors/colors",
        "@dabh/diagnostics",
        "async",
        "is-stream",
        "logform",
        "one-time",
        "readable-stream",
        "safe-stable-stringify",
        "stack-trace",
        "triple-beam",
        "winston-transport"
      ]
    }
  },
  "workspace": {
    "dependencies": [
      "npm:@ast-grep/napi@~0.39.4",
      "npm:neovim@^5.4.0"
    ]
  }
}
